
Microsoft Visual Studio Solution File, Format Version 12.00
# Visual Studio 14
VisualStudioVersion = 14.0.25123.0
MinimumVisualStudioVersion = 10.0.40219.1
Project("{FAE04EC0-301F-11D3-BF4B-00C04F79EFBC}") = "Test1", "Test1\Test1.csproj", "{C6BE7CDB-4FD2-4A8C-8A04-434D014EF849}"
EndProject
Project("{FAE04EC0-301F-11D3-BF4B-00C04F79EFBC}") = "ClickMessenger", "ClickMessenger\ClickMessenger.csproj", "{0E009C2F-04DB-4C82-A0AA-0C806DFA4105}"
EndProject
Global
	GlobalSection(SolutionConfigurationPlatforms) = preSolution
		Debug|Any CPU = Debug|Any CPU
		Release|Any CPU = Release|Any CPU
	EndGlobalSection
	GlobalSection(ProjectConfigurationPlatforms) = postSolution
		{C6BE7CDB-4FD2-4A8C-8A04-434D014EF849}.Debug|Any CPU.ActiveCfg = Debug|Any CPU
		{C6BE7CDB-4FD2-4A8C-8A04-434D014EF849}.Debug|Any CPU.Build.0 = Debug|Any CPU
		{C6BE7CDB-4FD2-4A8C-8A04-434D014EF849}.Release|Any CPU.ActiveCfg = Release|Any CPU
		{C6BE7CDB-4FD2-4A8C-8A04-434D014EF849}.Release|Any CPU.Build.0 = Release|Any CPU
		{0E009C2F-04DB-4C82-A0AA-0C806DFA4105}.Debug|Any CPU.ActiveCfg = Debug|Any CPU
		{0E009C2F-04DB-4C82-A0AA-0C806DFA4105}.Debug|Any CPU.Build.0 = Debug|Any CPU
		{0E009C2F-04DB-4C82-A0AA-0C806DFA4105}.Release|Any CPU.ActiveCfg = Release|Any CPU
		{0E009C2F-04DB-4C82-A0AA-0C806DFA4105}.Release|Any CPU.Build.0 = Release|Any CPU
	EndGlobalSection
	GlobalSection(SolutionProperties) = preSolution
		HideSolutionNode = FALSE
	EndGlobalSection
EndGlobal
